<?xml version="1.0" encoding="utf-8"?>
<Project ToolsVersion="4.0" xmlns="http://schemas.microsoft.com/developer/msbuild/2003">
  <ItemGroup>
    <Filter Include="Source Files">
      <UniqueIdentifier>{4FC737F1-C7A5-4376-A066-2A32D752A2FF}</UniqueIdentifier>
      <Extensions>cpp;c;cc;cxx;def;odl;idl;hpj;bat;asm;asmx</Extensions>
    </Filter>
    <Filter Include="Header Files">
      <UniqueIdentifier>{93995380-89BD-4b04-88EB-625FBE52EBFB}</UniqueIdentifier>
      <Extensions>h;hh;hpp;hxx;hm;inl;inc;xsd</Extensions>
    </Filter>
    <Filter Include="Resource Files">
      <UniqueIdentifier>{67DA6AB6-F800-4c08-8B7A-83BB121AAD01}</UniqueIdentifier>
      <Extensions>rc;ico;cur;bmp;dlg;rc2;rct;bin;rgs;gif;jpg;jpeg;jpe;resx;tiff;tif;png;wav;mfcribbon-ms</Extensions>
    </Filter>
    <Filter Include="Source Files\k-systems">
      <UniqueIdentifier>{f2e3fcdb-f5a0-466f-8f3c-f135d92a51f7}</UniqueIdentifier>
    </Filter>
  </ItemGroup>
  <ItemGroup>
    <ClInclude Include="..\Source\ClassArray.h">
      <Filter>Header Files</Filter>
    </ClInclude>
    <ClInclude Include="..\Source\ColOrbitManager.h">
      <Filter>Header Files</Filter>
    </ClInclude>
    <ClInclude Include="..\Source\ColOrbits.h">
      <Filter>Header Files</Filter>
    </ClInclude>
    <ClInclude Include="..\Source\DataTypes.h">
      <Filter>Header Files</Filter>
    </ClInclude>
    <ClInclude Include="..\Source\Enumerator.h">
      <Filter>Header Files</Filter>
    </ClInclude>
    <ClInclude Include="..\Source\EnumInfo.h">
      <Filter>Header Files</Filter>
    </ClInclude>
    <ClInclude Include="..\Source\InsSysEnumerator.h">
      <Filter>Header Files</Filter>
    </ClInclude>
    <ClInclude Include="..\Source\InSysSolver.h">
      <Filter>Header Files</Filter>
    </ClInclude>
    <ClInclude Include="..\Source\matrix.h">
      <Filter>Header Files</Filter>
    </ClInclude>
    <ClInclude Include="..\Source\RightPartFilter.h">
      <Filter>Header Files</Filter>
    </ClInclude>
    <ClInclude Include="..\Source\RowSolution.h">
      <Filter>Header Files</Filter>
    </ClInclude>
    <ClInclude Include="..\Source\VariableMapping.h">
      <Filter>Header Files</Filter>
    </ClInclude>
    <ClInclude Include="..\Source\Vector.h">
      <Filter>Header Files</Filter>
    </ClInclude>
    <ClInclude Include="..\Source\PermutStorage.h">
      <Filter>Header Files</Filter>
    </ClInclude>
    <ClInclude Include="..\Source\GroupsInfo.h">
      <Filter>Header Files</Filter>
    </ClInclude>
    <ClInclude Include="..\Source\ThreadEnumerator.h">
      <Filter>Header Files</Filter>
    </ClInclude>
    <ClInclude Include="..\Source\BIBD_Enumerator.h">
      <Filter>Header Files</Filter>
    </ClInclude>
    <ClInclude Include="..\Source\C_tDesignEnumerator.h">
      <Filter>Header Files</Filter>
    </ClInclude>
    <ClInclude Include="..\Source\IntersectionStorage.h">
      <Filter>Header Files</Filter>
    </ClInclude>
    <ClInclude Include="..\Source\Variable.h">
      <Filter>Header Files</Filter>
    </ClInclude>
    <ClInclude Include="..\Source\Equation.h">
      <Filter>Header Files</Filter>
    </ClInclude>
    <ClInclude Include="..\Source\InSysRowEquation.h">
      <Filter>Header Files</Filter>
    </ClInclude>
    <ClInclude Include="..\Source\EquSystem.h">
      <Filter>Header Files</Filter>
    </ClInclude>
    <ClInclude Include="..\Source\MatrixCanonChecker.h">
      <Filter>Header Files</Filter>
    </ClInclude>
    <ClInclude Include="..\Source\PBIBD_Enumerator.h">
      <Filter>Header Files</Filter>
    </ClInclude>
    <ClInclude Include="..\Source\IG_Enumerator.h">
      <Filter>Header Files</Filter>
    </ClInclude>
    <ClInclude Include="..\Source\CombBIBD_Enumerator.h">
      <Filter>Header Files</Filter>
    </ClInclude>
    <ClInclude Include="..\Source\GroupOnParts.h">
      <Filter>Header Files</Filter>
    </ClInclude>
    <ClInclude Include="..\Source\DesignDB.h">
      <Filter>Header Files</Filter>
    </ClInclude>
    <ClInclude Include="..\Source\Sorter.h">
      <Filter>Header Files</Filter>
    </ClInclude>
    <ClInclude Include="..\Source\TripleSys\TripleSys.h">
      <Filter>Header Files</Filter>
    </ClInclude>
    <ClInclude Include="..\Source\CanonicityChecker.h">
      <Filter>Header Files</Filter>
    </ClInclude>
    <ClInclude Include="..\Source\TripleSys\CheckCanon.h">
      <Filter>Header Files</Filter>
    </ClInclude>
    <ClInclude Include="GroupOrder.h">
      <Filter>Source Files\k-systems</Filter>
    </ClInclude>
    <ClInclude Include="..\Source\TripleSys\TopGun.h">
      <Filter>Source Files\k-systems</Filter>
    </ClInclude>
  </ItemGroup>
  <ItemGroup>
    <ClCompile Include="..\Source\CanonicityChecker.cpp">
      <Filter>Source Files</Filter>
    </ClCompile>
    <ClCompile Include="..\Source\Enumerator.cpp">
      <Filter>Source Files</Filter>
    </ClCompile>
    <ClCompile Include="..\Source\InSysEnumerator.cpp">
      <Filter>Source Files</Filter>
    </ClCompile>
    <ClCompile Include="..\Source\InSysSolver.cpp">
      <Filter>Source Files</Filter>
    </ClCompile>
    <ClCompile Include="..\Source\main.cpp">
      <Filter>Source Files</Filter>
    </ClCompile>
    <ClCompile Include="..\Source\Matrix.cpp">
      <Filter>Source Files</Filter>
    </ClCompile>
    <ClCompile Include="..\Source\RowSolution.cpp">
      <Filter>Source Files</Filter>
    </ClCompile>
    <ClCompile Include="..\Source\VariableMapping.cpp">
      <Filter>Source Files</Filter>
    </ClCompile>
    <ClCompile Include="..\Source\PermutStorage.cpp">
      <Filter>Source Files</Filter>
    </ClCompile>
    <ClCompile Include="..\Source\GroupsInfo.cpp">
      <Filter>Source Files</Filter>
    </ClCompile>
    <ClCompile Include="..\Source\BIBD_Enumerator.cpp">
      <Filter>Source Files</Filter>
    </ClCompile>
    <ClCompile Include="..\Source\C_tDesignEnumerator.cpp">
      <Filter>Source Files</Filter>
    </ClCompile>
    <ClCompile Include="..\Source\EquSystem.cpp">
      <Filter>Source Files</Filter>
    </ClCompile>
    <ClCompile Include="..\Source\Variable.cpp">
      <Filter>Source Files</Filter>
    </ClCompile>
    <ClCompile Include="..\Source\Equation.cpp">
      <Filter>Source Files</Filter>
    </ClCompile>
    <ClCompile Include="..\Source\InSysRowEquation.cpp">
      <Filter>Source Files</Filter>
    </ClCompile>
    <ClCompile Include="..\Source\IGraphNeighborhoodStructure.cpp">
      <Filter>Source Files</Filter>
    </ClCompile>
    <ClCompile Include="..\Source\IG_Enumerator.cpp">
      <Filter>Source Files</Filter>
    </ClCompile>
    <ClCompile Include="..\Source\CombBIBD_Enumerator.cpp">
      <Filter>Source Files</Filter>
    </ClCompile>
    <ClCompile Include="..\Source\MatrixCanonChecker.cpp">
      <Filter>Source Files</Filter>
    </ClCompile>
    <ClCompile Include="..\Source\EnumInfo.cpp">
      <Filter>Source Files</Filter>
    </ClCompile>
    <ClCompile Include="..\Source\DesignDB.cpp">
      <Filter>Source Files</Filter>
    </ClCompile>
    <ClCompile Include="..\Source\RowIntersection.cpp">
      <Filter>Source Files</Filter>
    </ClCompile>
    <ClCompile Include="..\Source\TripleSys\Support.cpp">
      <Filter>Source Files\k-systems</Filter>
    </ClCompile>
    <ClCompile Include="..\Source\TripleSys\TripleSys.cpp">
      <Filter>Source Files\k-systems</Filter>
    </ClCompile>
    <ClCompile Include="..\Source\TripleSys\checkLinks.cpp">
      <Filter>Source Files\k-systems</Filter>
    </ClCompile>
    <ClCompile Include="..\Source\TripleSys\checkLinksV.cpp">
      <Filter>Source Files\k-systems</Filter>
    </ClCompile>
    <ClCompile Include="..\Source\TripleSys\convertLinksToResult.cpp">
      <Filter>Source Files\k-systems</Filter>
    </ClCompile>
    <ClCompile Include="..\Source\TripleSys\initStartValues.cpp">
      <Filter>Source Files\k-systems</Filter>
    </ClCompile>
    <ClCompile Include="..\Source\TripleSys\printTable.cpp">
      <Filter>Source Files\k-systems</Filter>
    </ClCompile>
    <ClCompile Include="..\Source\TripleSys\reportCheckLinksData.cpp">
      <Filter>Source Files\k-systems</Filter>
    </ClCompile>
    <ClCompile Include="..\Source\TripleSys\processOneDay.cpp">
      <Filter>Source Files\k-systems</Filter>
    </ClCompile>
    <ClCompile Include="..\Source\TripleSys\checkLinksH.cpp">
      <Filter>Source Files\k-systems</Filter>
    </ClCompile>
    <ClCompile Include="..\Source\TripleSys\getNextPlayer.cpp">
      <Filter>Source Files\k-systems</Filter>
    </ClCompile>
    <ClCompile Include="..\Source\TripleSys\checkPlayer1.cpp">
      <Filter>Source Files\k-systems</Filter>
    </ClCompile>
    <ClCompile Include="..\Source\TripleSys\checkPlayer3.cpp">
      <Filter>Source Files\k-systems</Filter>
    </ClCompile>
    <ClCompile Include="..\Source\TripleSys\improveMatrix.cpp">
      <Filter>Source Files\k-systems</Filter>
    </ClCompile>
    <ClCompile Include="..\Source\TripleSys\CheckCanon.cpp">
      <Filter>Source Files\k-systems</Filter>
    </ClCompile>
    <ClCompile Include="..\Source\TripleSys\CheckMatrix.cpp">
      <Filter>Source Files\k-systems</Filter>
    </ClCompile>
    <ClCompile Include="..\Source\TripleSys\getUnselected.cpp">
      <Filter>Source Files\k-systems</Filter>
    </ClCompile>
    <ClCompile Include="..\Source\TripleSys\cnv.cpp">
      <Filter>Source Files\k-systems</Filter>
    </ClCompile>
    <ClCompile Include="..\Source\TripleSys\kmSupport.cpp">
      <Filter>Source Files\k-systems</Filter>
    </ClCompile>
    <ClCompile Include="..\Source\TripleSys\allData.cpp">
      <Filter>Source Files\k-systems</Filter>
    </ClCompile>
    <ClCompile Include="..\Source\TripleSys\TopGun.cpp">
      <Filter>Source Files\k-systems</Filter>
    </ClCompile>
    <ClCompile Include="..\Source\TripleSys\TGsupport.cpp">
      <Filter>Source Files\k-systems</Filter>
    </ClCompile>
    <ClCompile Include="..\Source\TripleSys\ioSupport.cpp">
      <Filter>Source Files\k-systems</Filter>
    </ClCompile>
  </ItemGroup>
  <ItemGroup>
    <None Include="..\Source\TripleSys\PlayerCond.html">
      <Filter>Source Files\k-systems</Filter>
    </None>
  </ItemGroup>
</Project>