
Microsoft Visual Studio Solution File, Format Version 12.00
# Visual Studio Version 17
VisualStudioVersion = 17.7.34031.279
MinimumVisualStudioVersion = 10.0.40219.1
Project("{8BC9CEB8-8B4A-11D0-8D11-00A0C91BC942}") = "TripleSys", "TripleSys\TripleSys.vcxproj", "{DD293748-8D62-4F87-8E07-A57D00D84BD4}"
	ProjectSection(ProjectDependencies) = postProject
		{BA20C1B3-8B5A-44DD-B66D-7873EAB3692C} = {BA20C1B3-8B5A-44DD-B66D-7873EAB3692C}
		{BA86F27F-F92D-4C5F-8B2D-6D5782A2617B} = {BA86F27F-F92D-4C5F-8B2D-6D5782A2617B}
	EndProjectSection
EndProject
Project("{8BC9CEB8-8B4A-11D0-8D11-00A0C91BC942}") = "k-Sys", "k-Sys\k-Sys.vcxproj", "{55610ADD-EBAD-4CBE-9ED9-618CDFE7A825}"
	ProjectSection(ProjectDependencies) = postProject
		{DD293748-8D62-4F87-8E07-A57D00D84BD4} = {DD293748-8D62-4F87-8E07-A57D00D84BD4}
		{FDD7CD7E-0B1A-4A5E-9B0F-780A84D19EE3} = {FDD7CD7E-0B1A-4A5E-9B0F-780A84D19EE3}
	EndProjectSection
EndProject
Project("{8BC9CEB8-8B4A-11D0-8D11-00A0C91BC942}") = "EngineGPU", "EngineGPU\EngineGPU.vcxproj", "{BA86F27F-F92D-4C5F-8B2D-6D5782A2617B}"
EndProject
Project("{8BC9CEB8-8B4A-11D0-8D11-00A0C91BC942}") = "Utils", "Utils\Utils.vcxproj", "{FDD7CD7E-0B1A-4A5E-9B0F-780A84D19EE3}"
EndProject
Project("{8BC9CEB8-8B4A-11D0-8D11-00A0C91BC942}") = "OneApp", "OneApp\OneApp.vcxproj", "{BA20C1B3-8B5A-44DD-B66D-7873EAB3692C}"
EndProject
Project("{2150E333-8FDC-42A3-9474-1A3956D46DE8}") = "CI", "CI", "{D5B35DF9-9508-4A13-93C1-81AF1680FC70}"
	ProjectSection(SolutionItems) = preProject
		CI\param.txt = CI\param.txt
		CI\paramU1F.txt = CI\paramU1F.txt
		CI\param_rel.txt = CI\param_rel.txt
		CI\run.bat = CI\run.bat
		CI\runRelease.bat = CI\runRelease.bat
		CI\run_st.bat = CI\run_st.bat
	EndProjectSection
EndProject
Global
	GlobalSection(SolutionConfigurationPlatforms) = preSolution
		Debug with GPU|Any CPU = Debug with GPU|Any CPU
		Debug with GPU|x64 = Debug with GPU|x64
		Debug with GPU|x86 = Debug with GPU|x86
		Debug with OneApp|Any CPU = Debug with OneApp|Any CPU
		Debug with OneApp|x64 = Debug with OneApp|x64
		Debug with OneApp|x86 = Debug with OneApp|x86
		Debug|Any CPU = Debug|Any CPU
		Debug|x64 = Debug|x64
		Debug|x86 = Debug|x86
		Release with GPU|Any CPU = Release with GPU|Any CPU
		Release with GPU|x64 = Release with GPU|x64
		Release with GPU|x86 = Release with GPU|x86
		Release with OneApp|Any CPU = Release with OneApp|Any CPU
		Release with OneApp|x64 = Release with OneApp|x64
		Release with OneApp|x86 = Release with OneApp|x86
		Release|Any CPU = Release|Any CPU
		Release|x64 = Release|x64
		Release|x86 = Release|x86
	EndGlobalSection
	GlobalSection(ProjectConfigurationPlatforms) = postSolution
		{DD293748-8D62-4F87-8E07-A57D00D84BD4}.Debug with GPU|Any CPU.ActiveCfg = Debug with GPU|x64
		{DD293748-8D62-4F87-8E07-A57D00D84BD4}.Debug with GPU|Any CPU.Build.0 = Debug with GPU|x64
		{DD293748-8D62-4F87-8E07-A57D00D84BD4}.Debug with GPU|x64.ActiveCfg = Debug with GPU|x64
		{DD293748-8D62-4F87-8E07-A57D00D84BD4}.Debug with GPU|x64.Build.0 = Debug with GPU|x64
		{DD293748-8D62-4F87-8E07-A57D00D84BD4}.Debug with GPU|x86.ActiveCfg = Debug with GPU|Win32
		{DD293748-8D62-4F87-8E07-A57D00D84BD4}.Debug with GPU|x86.Build.0 = Debug with GPU|Win32
		{DD293748-8D62-4F87-8E07-A57D00D84BD4}.Debug with OneApp|Any CPU.ActiveCfg = Debug without OneApp|x64
		{DD293748-8D62-4F87-8E07-A57D00D84BD4}.Debug with OneApp|Any CPU.Build.0 = Debug without OneApp|x64
		{DD293748-8D62-4F87-8E07-A57D00D84BD4}.Debug with OneApp|x64.ActiveCfg = Debug without OneApp|x64
		{DD293748-8D62-4F87-8E07-A57D00D84BD4}.Debug with OneApp|x64.Build.0 = Debug without OneApp|x64
		{DD293748-8D62-4F87-8E07-A57D00D84BD4}.Debug with OneApp|x86.ActiveCfg = Debug without OneApp|Win32
		{DD293748-8D62-4F87-8E07-A57D00D84BD4}.Debug with OneApp|x86.Build.0 = Debug without OneApp|Win32
		{DD293748-8D62-4F87-8E07-A57D00D84BD4}.Debug|Any CPU.ActiveCfg = Debug|x64
		{DD293748-8D62-4F87-8E07-A57D00D84BD4}.Debug|Any CPU.Build.0 = Debug|x64
		{DD293748-8D62-4F87-8E07-A57D00D84BD4}.Debug|x64.ActiveCfg = Debug|x64
		{DD293748-8D62-4F87-8E07-A57D00D84BD4}.Debug|x64.Build.0 = Debug|x64
		{DD293748-8D62-4F87-8E07-A57D00D84BD4}.Debug|x86.ActiveCfg = Debug|Win32
		{DD293748-8D62-4F87-8E07-A57D00D84BD4}.Debug|x86.Build.0 = Debug|Win32
		{DD293748-8D62-4F87-8E07-A57D00D84BD4}.Release with GPU|Any CPU.ActiveCfg = Release with GPU|x64
		{DD293748-8D62-4F87-8E07-A57D00D84BD4}.Release with GPU|Any CPU.Build.0 = Release with GPU|x64
		{DD293748-8D62-4F87-8E07-A57D00D84BD4}.Release with GPU|x64.ActiveCfg = Release with GPU|x64
		{DD293748-8D62-4F87-8E07-A57D00D84BD4}.Release with GPU|x64.Build.0 = Release with GPU|x64
		{DD293748-8D62-4F87-8E07-A57D00D84BD4}.Release with GPU|x86.ActiveCfg = Release with GPU|Win32
		{DD293748-8D62-4F87-8E07-A57D00D84BD4}.Release with GPU|x86.Build.0 = Release with GPU|Win32
		{DD293748-8D62-4F87-8E07-A57D00D84BD4}.Release with OneApp|Any CPU.ActiveCfg = Release without OneApp|x64
		{DD293748-8D62-4F87-8E07-A57D00D84BD4}.Release with OneApp|Any CPU.Build.0 = Release without OneApp|x64
		{DD293748-8D62-4F87-8E07-A57D00D84BD4}.Release with OneApp|x64.ActiveCfg = Release without OneApp|x64
		{DD293748-8D62-4F87-8E07-A57D00D84BD4}.Release with OneApp|x64.Build.0 = Release without OneApp|x64
		{DD293748-8D62-4F87-8E07-A57D00D84BD4}.Release with OneApp|x86.ActiveCfg = Release without OneApp|Win32
		{DD293748-8D62-4F87-8E07-A57D00D84BD4}.Release with OneApp|x86.Build.0 = Release without OneApp|Win32
		{DD293748-8D62-4F87-8E07-A57D00D84BD4}.Release|Any CPU.ActiveCfg = Release|x64
		{DD293748-8D62-4F87-8E07-A57D00D84BD4}.Release|Any CPU.Build.0 = Release|x64
		{DD293748-8D62-4F87-8E07-A57D00D84BD4}.Release|x64.ActiveCfg = Release|x64
		{DD293748-8D62-4F87-8E07-A57D00D84BD4}.Release|x64.Build.0 = Release|x64
		{DD293748-8D62-4F87-8E07-A57D00D84BD4}.Release|x86.ActiveCfg = Release|Win32
		{DD293748-8D62-4F87-8E07-A57D00D84BD4}.Release|x86.Build.0 = Release|Win32
		{55610ADD-EBAD-4CBE-9ED9-618CDFE7A825}.Debug with GPU|Any CPU.ActiveCfg = Debug with GPU|x64
		{55610ADD-EBAD-4CBE-9ED9-618CDFE7A825}.Debug with GPU|Any CPU.Build.0 = Debug with GPU|x64
		{55610ADD-EBAD-4CBE-9ED9-618CDFE7A825}.Debug with GPU|x64.ActiveCfg = Debug with GPU|x64
		{55610ADD-EBAD-4CBE-9ED9-618CDFE7A825}.Debug with GPU|x64.Build.0 = Debug with GPU|x64
		{55610ADD-EBAD-4CBE-9ED9-618CDFE7A825}.Debug with GPU|x86.ActiveCfg = Debug with GPU|Win32
		{55610ADD-EBAD-4CBE-9ED9-618CDFE7A825}.Debug with GPU|x86.Build.0 = Debug with GPU|Win32
		{55610ADD-EBAD-4CBE-9ED9-618CDFE7A825}.Debug with OneApp|Any CPU.ActiveCfg = Debug without OneApp|x64
		{55610ADD-EBAD-4CBE-9ED9-618CDFE7A825}.Debug with OneApp|Any CPU.Build.0 = Debug without OneApp|x64
		{55610ADD-EBAD-4CBE-9ED9-618CDFE7A825}.Debug with OneApp|x64.ActiveCfg = Debug without OneApp|x64
		{55610ADD-EBAD-4CBE-9ED9-618CDFE7A825}.Debug with OneApp|x64.Build.0 = Debug without OneApp|x64
		{55610ADD-EBAD-4CBE-9ED9-618CDFE7A825}.Debug with OneApp|x86.ActiveCfg = Debug without OneApp|Win32
		{55610ADD-EBAD-4CBE-9ED9-618CDFE7A825}.Debug with OneApp|x86.Build.0 = Debug without OneApp|Win32
		{55610ADD-EBAD-4CBE-9ED9-618CDFE7A825}.Debug|Any CPU.ActiveCfg = Debug|x64
		{55610ADD-EBAD-4CBE-9ED9-618CDFE7A825}.Debug|Any CPU.Build.0 = Debug|x64
		{55610ADD-EBAD-4CBE-9ED9-618CDFE7A825}.Debug|x64.ActiveCfg = Debug|x64
		{55610ADD-EBAD-4CBE-9ED9-618CDFE7A825}.Debug|x64.Build.0 = Debug|x64
		{55610ADD-EBAD-4CBE-9ED9-618CDFE7A825}.Debug|x86.ActiveCfg = Debug|Win32
		{55610ADD-EBAD-4CBE-9ED9-618CDFE7A825}.Debug|x86.Build.0 = Debug|Win32
		{55610ADD-EBAD-4CBE-9ED9-618CDFE7A825}.Release with GPU|Any CPU.ActiveCfg = Release with GPU|x64
		{55610ADD-EBAD-4CBE-9ED9-618CDFE7A825}.Release with GPU|Any CPU.Build.0 = Release with GPU|x64
		{55610ADD-EBAD-4CBE-9ED9-618CDFE7A825}.Release with GPU|x64.ActiveCfg = Release with GPU|x64
		{55610ADD-EBAD-4CBE-9ED9-618CDFE7A825}.Release with GPU|x64.Build.0 = Release with GPU|x64
		{55610ADD-EBAD-4CBE-9ED9-618CDFE7A825}.Release with GPU|x86.ActiveCfg = Release with GPU|Win32
		{55610ADD-EBAD-4CBE-9ED9-618CDFE7A825}.Release with GPU|x86.Build.0 = Release with GPU|Win32
		{55610ADD-EBAD-4CBE-9ED9-618CDFE7A825}.Release with OneApp|Any CPU.ActiveCfg = Release without OneApp|x64
		{55610ADD-EBAD-4CBE-9ED9-618CDFE7A825}.Release with OneApp|Any CPU.Build.0 = Release without OneApp|x64
		{55610ADD-EBAD-4CBE-9ED9-618CDFE7A825}.Release with OneApp|x64.ActiveCfg = Release without OneApp|x64
		{55610ADD-EBAD-4CBE-9ED9-618CDFE7A825}.Release with OneApp|x64.Build.0 = Release without OneApp|x64
		{55610ADD-EBAD-4CBE-9ED9-618CDFE7A825}.Release with OneApp|x86.ActiveCfg = Release without OneApp|Win32
		{55610ADD-EBAD-4CBE-9ED9-618CDFE7A825}.Release with OneApp|x86.Build.0 = Release without OneApp|Win32
		{55610ADD-EBAD-4CBE-9ED9-618CDFE7A825}.Release|Any CPU.ActiveCfg = Release|x64
		{55610ADD-EBAD-4CBE-9ED9-618CDFE7A825}.Release|Any CPU.Build.0 = Release|x64
		{55610ADD-EBAD-4CBE-9ED9-618CDFE7A825}.Release|x64.ActiveCfg = Release|x64
		{55610ADD-EBAD-4CBE-9ED9-618CDFE7A825}.Release|x64.Build.0 = Release|x64
		{55610ADD-EBAD-4CBE-9ED9-618CDFE7A825}.Release|x86.ActiveCfg = Release|Win32
		{55610ADD-EBAD-4CBE-9ED9-618CDFE7A825}.Release|x86.Build.0 = Release|Win32
		{BA86F27F-F92D-4C5F-8B2D-6D5782A2617B}.Debug with GPU|Any CPU.ActiveCfg = Debug with GPU|x64
		{BA86F27F-F92D-4C5F-8B2D-6D5782A2617B}.Debug with GPU|Any CPU.Build.0 = Debug with GPU|x64
		{BA86F27F-F92D-4C5F-8B2D-6D5782A2617B}.Debug with GPU|x64.ActiveCfg = Debug with GPU|x64
		{BA86F27F-F92D-4C5F-8B2D-6D5782A2617B}.Debug with GPU|x64.Build.0 = Debug with GPU|x64
		{BA86F27F-F92D-4C5F-8B2D-6D5782A2617B}.Debug with GPU|x86.ActiveCfg = Debug with GPU|x64
		{BA86F27F-F92D-4C5F-8B2D-6D5782A2617B}.Debug with GPU|x86.Build.0 = Debug with GPU|x64
		{BA86F27F-F92D-4C5F-8B2D-6D5782A2617B}.Debug with OneApp|Any CPU.ActiveCfg = Debug without OneApp|x64
		{BA86F27F-F92D-4C5F-8B2D-6D5782A2617B}.Debug with OneApp|Any CPU.Build.0 = Debug without OneApp|x64
		{BA86F27F-F92D-4C5F-8B2D-6D5782A2617B}.Debug with OneApp|x64.ActiveCfg = Debug without OneApp|x64
		{BA86F27F-F92D-4C5F-8B2D-6D5782A2617B}.Debug with OneApp|x64.Build.0 = Debug without OneApp|x64
		{BA86F27F-F92D-4C5F-8B2D-6D5782A2617B}.Debug with OneApp|x86.ActiveCfg = Debug without OneApp|x64
		{BA86F27F-F92D-4C5F-8B2D-6D5782A2617B}.Debug with OneApp|x86.Build.0 = Debug without OneApp|x64
		{BA86F27F-F92D-4C5F-8B2D-6D5782A2617B}.Debug|Any CPU.ActiveCfg = Debug|x64
		{BA86F27F-F92D-4C5F-8B2D-6D5782A2617B}.Debug|Any CPU.Build.0 = Debug|x64
		{BA86F27F-F92D-4C5F-8B2D-6D5782A2617B}.Debug|x64.ActiveCfg = Debug|x64
		{BA86F27F-F92D-4C5F-8B2D-6D5782A2617B}.Debug|x86.ActiveCfg = Debug|x64
		{BA86F27F-F92D-4C5F-8B2D-6D5782A2617B}.Debug|x86.Build.0 = Debug|x64
		{BA86F27F-F92D-4C5F-8B2D-6D5782A2617B}.Release with GPU|Any CPU.ActiveCfg = Release with GPU|x64
		{BA86F27F-F92D-4C5F-8B2D-6D5782A2617B}.Release with GPU|Any CPU.Build.0 = Release with GPU|x64
		{BA86F27F-F92D-4C5F-8B2D-6D5782A2617B}.Release with GPU|x64.ActiveCfg = Release with GPU|x64
		{BA86F27F-F92D-4C5F-8B2D-6D5782A2617B}.Release with GPU|x64.Build.0 = Release with GPU|x64
		{BA86F27F-F92D-4C5F-8B2D-6D5782A2617B}.Release with GPU|x86.ActiveCfg = Release with GPU|x64
		{BA86F27F-F92D-4C5F-8B2D-6D5782A2617B}.Release with GPU|x86.Build.0 = Release with GPU|x64
		{BA86F27F-F92D-4C5F-8B2D-6D5782A2617B}.Release with OneApp|Any CPU.ActiveCfg = Release without OneApp|x64
		{BA86F27F-F92D-4C5F-8B2D-6D5782A2617B}.Release with OneApp|Any CPU.Build.0 = Release without OneApp|x64
		{BA86F27F-F92D-4C5F-8B2D-6D5782A2617B}.Release with OneApp|x64.ActiveCfg = Release without OneApp|x64
		{BA86F27F-F92D-4C5F-8B2D-6D5782A2617B}.Release with OneApp|x64.Build.0 = Release without OneApp|x64
		{BA86F27F-F92D-4C5F-8B2D-6D5782A2617B}.Release with OneApp|x86.ActiveCfg = Release without OneApp|x64
		{BA86F27F-F92D-4C5F-8B2D-6D5782A2617B}.Release with OneApp|x86.Build.0 = Release without OneApp|x64
		{BA86F27F-F92D-4C5F-8B2D-6D5782A2617B}.Release|Any CPU.ActiveCfg = Release|x64
		{BA86F27F-F92D-4C5F-8B2D-6D5782A2617B}.Release|x64.ActiveCfg = Release|x64
		{BA86F27F-F92D-4C5F-8B2D-6D5782A2617B}.Release|x86.ActiveCfg = Release|x64
		{BA86F27F-F92D-4C5F-8B2D-6D5782A2617B}.Release|x86.Build.0 = Release|x64
		{FDD7CD7E-0B1A-4A5E-9B0F-780A84D19EE3}.Debug with GPU|Any CPU.ActiveCfg = Debug with GPU|x64
		{FDD7CD7E-0B1A-4A5E-9B0F-780A84D19EE3}.Debug with GPU|Any CPU.Build.0 = Debug with GPU|x64
		{FDD7CD7E-0B1A-4A5E-9B0F-780A84D19EE3}.Debug with GPU|x64.ActiveCfg = Debug with GPU|x64
		{FDD7CD7E-0B1A-4A5E-9B0F-780A84D19EE3}.Debug with GPU|x64.Build.0 = Debug with GPU|x64
		{FDD7CD7E-0B1A-4A5E-9B0F-780A84D19EE3}.Debug with GPU|x86.ActiveCfg = Debug with GPU|Win32
		{FDD7CD7E-0B1A-4A5E-9B0F-780A84D19EE3}.Debug with GPU|x86.Build.0 = Debug with GPU|Win32
		{FDD7CD7E-0B1A-4A5E-9B0F-780A84D19EE3}.Debug with OneApp|Any CPU.ActiveCfg = Debug without OneApp|x64
		{FDD7CD7E-0B1A-4A5E-9B0F-780A84D19EE3}.Debug with OneApp|Any CPU.Build.0 = Debug without OneApp|x64
		{FDD7CD7E-0B1A-4A5E-9B0F-780A84D19EE3}.Debug with OneApp|x64.ActiveCfg = Debug without OneApp|x64
		{FDD7CD7E-0B1A-4A5E-9B0F-780A84D19EE3}.Debug with OneApp|x64.Build.0 = Debug without OneApp|x64
		{FDD7CD7E-0B1A-4A5E-9B0F-780A84D19EE3}.Debug with OneApp|x86.ActiveCfg = Debug without OneApp|Win32
		{FDD7CD7E-0B1A-4A5E-9B0F-780A84D19EE3}.Debug with OneApp|x86.Build.0 = Debug without OneApp|Win32
		{FDD7CD7E-0B1A-4A5E-9B0F-780A84D19EE3}.Debug|Any CPU.ActiveCfg = Debug|x64
		{FDD7CD7E-0B1A-4A5E-9B0F-780A84D19EE3}.Debug|Any CPU.Build.0 = Debug|x64
		{FDD7CD7E-0B1A-4A5E-9B0F-780A84D19EE3}.Debug|x64.ActiveCfg = Debug|x64
		{FDD7CD7E-0B1A-4A5E-9B0F-780A84D19EE3}.Debug|x64.Build.0 = Debug|x64
		{FDD7CD7E-0B1A-4A5E-9B0F-780A84D19EE3}.Debug|x86.ActiveCfg = Debug|Win32
		{FDD7CD7E-0B1A-4A5E-9B0F-780A84D19EE3}.Debug|x86.Build.0 = Debug|Win32
		{FDD7CD7E-0B1A-4A5E-9B0F-780A84D19EE3}.Release with GPU|Any CPU.ActiveCfg = Release with GPU|x64
		{FDD7CD7E-0B1A-4A5E-9B0F-780A84D19EE3}.Release with GPU|Any CPU.Build.0 = Release with GPU|x64
		{FDD7CD7E-0B1A-4A5E-9B0F-780A84D19EE3}.Release with GPU|x64.ActiveCfg = Release with GPU|x64
		{FDD7CD7E-0B1A-4A5E-9B0F-780A84D19EE3}.Release with GPU|x64.Build.0 = Release with GPU|x64
		{FDD7CD7E-0B1A-4A5E-9B0F-780A84D19EE3}.Release with GPU|x86.ActiveCfg = Release with GPU|Win32
		{FDD7CD7E-0B1A-4A5E-9B0F-780A84D19EE3}.Release with GPU|x86.Build.0 = Release with GPU|Win32
		{FDD7CD7E-0B1A-4A5E-9B0F-780A84D19EE3}.Release with OneApp|Any CPU.ActiveCfg = Release without OneApp|x64
		{FDD7CD7E-0B1A-4A5E-9B0F-780A84D19EE3}.Release with OneApp|Any CPU.Build.0 = Release without OneApp|x64
		{FDD7CD7E-0B1A-4A5E-9B0F-780A84D19EE3}.Release with OneApp|x64.ActiveCfg = Release without OneApp|x64
		{FDD7CD7E-0B1A-4A5E-9B0F-780A84D19EE3}.Release with OneApp|x64.Build.0 = Release without OneApp|x64
		{FDD7CD7E-0B1A-4A5E-9B0F-780A84D19EE3}.Release with OneApp|x86.ActiveCfg = Release without OneApp|Win32
		{FDD7CD7E-0B1A-4A5E-9B0F-780A84D19EE3}.Release with OneApp|x86.Build.0 = Release without OneApp|Win32
		{FDD7CD7E-0B1A-4A5E-9B0F-780A84D19EE3}.Release|Any CPU.ActiveCfg = Release|x64
		{FDD7CD7E-0B1A-4A5E-9B0F-780A84D19EE3}.Release|Any CPU.Build.0 = Release|x64
		{FDD7CD7E-0B1A-4A5E-9B0F-780A84D19EE3}.Release|x64.ActiveCfg = Release|x64
		{FDD7CD7E-0B1A-4A5E-9B0F-780A84D19EE3}.Release|x64.Build.0 = Release|x64
		{FDD7CD7E-0B1A-4A5E-9B0F-780A84D19EE3}.Release|x86.ActiveCfg = Release|Win32
		{FDD7CD7E-0B1A-4A5E-9B0F-780A84D19EE3}.Release|x86.Build.0 = Release|Win32
		{BA20C1B3-8B5A-44DD-B66D-7873EAB3692C}.Debug with GPU|Any CPU.ActiveCfg = Debug with GPU|x64
		{BA20C1B3-8B5A-44DD-B66D-7873EAB3692C}.Debug with GPU|Any CPU.Build.0 = Debug with GPU|x64
		{BA20C1B3-8B5A-44DD-B66D-7873EAB3692C}.Debug with GPU|x64.ActiveCfg = Debug with GPU|x64
		{BA20C1B3-8B5A-44DD-B66D-7873EAB3692C}.Debug with GPU|x86.ActiveCfg = Debug with GPU|x64
		{BA20C1B3-8B5A-44DD-B66D-7873EAB3692C}.Debug with GPU|x86.Build.0 = Debug with GPU|x64
		{BA20C1B3-8B5A-44DD-B66D-7873EAB3692C}.Debug with OneApp|Any CPU.ActiveCfg = Debug without OneApp|x64
		{BA20C1B3-8B5A-44DD-B66D-7873EAB3692C}.Debug with OneApp|x64.ActiveCfg = Debug without OneApp|x64
		{BA20C1B3-8B5A-44DD-B66D-7873EAB3692C}.Debug with OneApp|x64.Build.0 = Debug without OneApp|x64
		{BA20C1B3-8B5A-44DD-B66D-7873EAB3692C}.Debug with OneApp|x86.ActiveCfg = Debug without OneApp|x64
		{BA20C1B3-8B5A-44DD-B66D-7873EAB3692C}.Debug with OneApp|x86.Build.0 = Debug without OneApp|x64
		{BA20C1B3-8B5A-44DD-B66D-7873EAB3692C}.Debug|Any CPU.ActiveCfg = Debug|x64
		{BA20C1B3-8B5A-44DD-B66D-7873EAB3692C}.Debug|Any CPU.Build.0 = Debug|x64
		{BA20C1B3-8B5A-44DD-B66D-7873EAB3692C}.Debug|x64.ActiveCfg = Debug|x64
		{BA20C1B3-8B5A-44DD-B66D-7873EAB3692C}.Debug|x86.ActiveCfg = Debug|x64
		{BA20C1B3-8B5A-44DD-B66D-7873EAB3692C}.Debug|x86.Build.0 = Debug|x64
		{BA20C1B3-8B5A-44DD-B66D-7873EAB3692C}.Release with GPU|Any CPU.ActiveCfg = Release with GPU|x64
		{BA20C1B3-8B5A-44DD-B66D-7873EAB3692C}.Release with GPU|Any CPU.Build.0 = Release with GPU|x64
		{BA20C1B3-8B5A-44DD-B66D-7873EAB3692C}.Release with GPU|x64.ActiveCfg = Release with GPU|x64
		{BA20C1B3-8B5A-44DD-B66D-7873EAB3692C}.Release with GPU|x86.ActiveCfg = Release with GPU|x64
		{BA20C1B3-8B5A-44DD-B66D-7873EAB3692C}.Release with GPU|x86.Build.0 = Release with GPU|x64
		{BA20C1B3-8B5A-44DD-B66D-7873EAB3692C}.Release with OneApp|Any CPU.ActiveCfg = Release without OneApp|x64
		{BA20C1B3-8B5A-44DD-B66D-7873EAB3692C}.Release with OneApp|Any CPU.Build.0 = Release without OneApp|x64
		{BA20C1B3-8B5A-44DD-B66D-7873EAB3692C}.Release with OneApp|x64.ActiveCfg = Release without OneApp|x64
		{BA20C1B3-8B5A-44DD-B66D-7873EAB3692C}.Release with OneApp|x86.ActiveCfg = Release without OneApp|x64
		{BA20C1B3-8B5A-44DD-B66D-7873EAB3692C}.Release with OneApp|x86.Build.0 = Release without OneApp|x64
		{BA20C1B3-8B5A-44DD-B66D-7873EAB3692C}.Release|Any CPU.ActiveCfg = Release|x64
		{BA20C1B3-8B5A-44DD-B66D-7873EAB3692C}.Release|x64.ActiveCfg = Release|x64
		{BA20C1B3-8B5A-44DD-B66D-7873EAB3692C}.Release|x86.ActiveCfg = Release|x64
		{BA20C1B3-8B5A-44DD-B66D-7873EAB3692C}.Release|x86.Build.0 = Release|x64
	EndGlobalSection
	GlobalSection(SolutionProperties) = preSolution
		HideSolutionNode = FALSE
	EndGlobalSection
	GlobalSection(ExtensibilityGlobals) = postSolution
		SolutionGuid = {3A3549E9-E033-4366-89E6-2F54EB46C0F2}
	EndGlobalSection
EndGlobal
